// !$*UTF8*$!
{
	archiveVersion = 1;
	classes = {
	};
	objectVersion = 55;
	objects = {

/* Begin PBXBuildFile section */
		C4DF5E742789A4FC003C80C0 /* AppDelegate.swift in Sources */ = {isa = PBXBuildFile; fileRef = C4DF5E732789A4FC003C80C0 /* AppDelegate.swift */; };
		C4DF5E762789A4FC003C80C0 /* SceneDelegate.swift in Sources */ = {isa = PBXBuildFile; fileRef = C4DF5E752789A4FC003C80C0 /* SceneDelegate.swift */; };
		C4DF5E7B2789A4FC003C80C0 /* Main.storyboard in Resources */ = {isa = PBXBuildFile; fileRef = C4DF5E792789A4FC003C80C0 /* Main.storyboard */; };
		C4DF5E7D2789A4FE003C80C0 /* Assets.xcassets in Resources */ = {isa = PBXBuildFile; fileRef = C4DF5E7C2789A4FE003C80C0 /* Assets.xcassets */; };
		C4DF5E802789A4FE003C80C0 /* LaunchScreen.storyboard in Resources */ = {isa = PBXBuildFile; fileRef = C4DF5E7E2789A4FE003C80C0 /* LaunchScreen.storyboard */; };
		C4DF5E8C2789A939003C80C0 /* OnboardingViewController.swift in Sources */ = {isa = PBXBuildFile; fileRef = C4DF5E8B2789A939003C80C0 /* OnboardingViewController.swift */; };
		C4DF5E8F2789AE91003C80C0 /* UIView+Extension.swift in Sources */ = {isa = PBXBuildFile; fileRef = C4DF5E8E2789AE91003C80C0 /* UIView+Extension.swift */; };
		C4DF5E912789B098003C80C0 /* OnboardingSlide.swift in Sources */ = {isa = PBXBuildFile; fileRef = C4DF5E902789B097003C80C0 /* OnboardingSlide.swift */; };
		C4DF5E952789B51D003C80C0 /* OnboardingCollectionViewCell.swift in Sources */ = {isa = PBXBuildFile; fileRef = C4DF5E942789B51D003C80C0 /* OnboardingCollectionViewCell.swift */; };
/* End PBXBuildFile section */

/* Begin PBXFileReference section */
		C4DF5E702789A4FC003C80C0 /* FoodOrderingApp.app */ = {isa = PBXFileReference; explicitFileType = wrapper.application; includeInIndex = 0; path = FoodOrderingApp.app; sourceTree = BUILT_PRODUCTS_DIR; };
		C4DF5E732789A4FC003C80C0 /* AppDelegate.swift */ = {isa = PBXFileReference; lastKnownFileType = sourcecode.swift; path = AppDelegate.swift; sourceTree = "<group>"; };
		C4DF5E752789A4FC003C80C0 /* SceneDelegate.swift */ = {isa = PBXFileReference; lastKnownFileType = sourcecode.swift; path = SceneDelegate.swift; sourceTree = "<group>"; };
		C4DF5E7A2789A4FC003C80C0 /* Base */ = {isa = PBXFileReference; lastKnownFileType = file.storyboard; name = Base; path = Base.lproj/Main.storyboard; sourceTree = "<group>"; };
		C4DF5E7C2789A4FE003C80C0 /* Assets.xcassets */ = {isa = PBXFileReference; lastKnownFileType = folder.assetcatalog; path = Assets.xcassets; sourceTree = "<group>"; };
		C4DF5E7F2789A4FE003C80C0 /* Base */ = {isa = PBXFileReference; lastKnownFileType = file.storyboard; name = Base; path = Base.lproj/LaunchScreen.storyboard; sourceTree = "<group>"; };
		C4DF5E812789A4FE003C80C0 /* Info.plist */ = {isa = PBXFileReference; lastKnownFileType = text.plist.xml; path = Info.plist; sourceTree = "<group>"; };
		C4DF5E8B2789A939003C80C0 /* OnboardingViewController.swift */ = {isa = PBXFileReference; lastKnownFileType = sourcecode.swift; path = OnboardingViewController.swift; sourceTree = "<group>"; };
		C4DF5E8E2789AE91003C80C0 /* UIView+Extension.swift */ = {isa = PBXFileReference; lastKnownFileType = sourcecode.swift; path = "UIView+Extension.swift"; sourceTree = "<group>"; };
		C4DF5E902789B097003C80C0 /* OnboardingSlide.swift */ = {isa = PBXFileReference; lastKnownFileType = sourcecode.swift; path = OnboardingSlide.swift; sourceTree = "<group>"; };
		C4DF5E942789B51D003C80C0 /* OnboardingCollectionViewCell.swift */ = {isa = PBXFileReference; lastKnownFileType = sourcecode.swift; path = OnboardingCollectionViewCell.swift; sourceTree = "<group>"; };
/* End PBXFileReference section */

/* Begin PBXFrameworksBuildPhase section */
		C4DF5E6D2789A4FC003C80C0 /* Frameworks */ = {
			isa = PBXFrameworksBuildPhase;
			buildActionMask = 2147483647;
			files = (
			);
			runOnlyForDeploymentPostprocessing = 0;
		};
/* End PBXFrameworksBuildPhase section */

/* Begin PBXGroup section */
		C4DF5E672789A4FC003C80C0 = {
			isa = PBXGroup;
			children = (
				C4DF5E722789A4FC003C80C0 /* FoodOrderingApp */,
				C4DF5E712789A4FC003C80C0 /* Products */,
			);
			sourceTree = "<group>";
		};
		C4DF5E712789A4FC003C80C0 /* Products */ = {
			isa = PBXGroup;
			children = (
				C4DF5E702789A4FC003C80C0 /* FoodOrderingApp.app */,
			);
			name = Products;
			sourceTree = "<group>";
		};
		C4DF5E722789A4FC003C80C0 /* FoodOrderingApp */ = {
			isa = PBXGroup;
			children = (
				C4DF5E8D2789AE49003C80C0 /* Extensions */,
				C4DF5E892789A8ED003C80C0 /* CustomsViews */,
				C4DF5E882789A873003C80C0 /* Views */,
				C4DF5E872789A852003C80C0 /* Models */,
				C4DF5E732789A4FC003C80C0 /* AppDelegate.swift */,
				C4DF5E752789A4FC003C80C0 /* SceneDelegate.swift */,
				C4DF5E792789A4FC003C80C0 /* Main.storyboard */,
				C4DF5E7C2789A4FE003C80C0 /* Assets.xcassets */,
				C4DF5E7E2789A4FE003C80C0 /* LaunchScreen.storyboard */,
				C4DF5E812789A4FE003C80C0 /* Info.plist */,
			);
			path = FoodOrderingApp;
			sourceTree = "<group>";
		};
		C4DF5E872789A852003C80C0 /* Models */ = {
			isa = PBXGroup;
			children = (
				C4DF5E902789B097003C80C0 /* OnboardingSlide.swift */,
			);
			path = Models;
			sourceTree = "<group>";
		};
		C4DF5E882789A873003C80C0 /* Views */ = {
			isa = PBXGroup;
			children = (
				C4DF5E8A2789A900003C80C0 /* Onboarding */,
			);
			path = Views;
			sourceTree = "<group>";
		};
		C4DF5E892789A8ED003C80C0 /* CustomsViews */ = {
			isa = PBXGroup;
			children = (
			);
			path = CustomsViews;
			sourceTree = "<group>";
		};
		C4DF5E8A2789A900003C80C0 /* Onboarding */ = {
			isa = PBXGroup;
			children = (
				C4DF5E8B2789A939003C80C0 /* OnboardingViewController.swift */,
				C4DF5E942789B51D003C80C0 /* OnboardingCollectionViewCell.swift */,
			);
			path = Onboarding;
			sourceTree = "<group>";
		};
		C4DF5E8D2789AE49003C80C0 /* Extensions */ = {
			isa = PBXGroup;
			children = (
				C4DF5E8E2789AE91003C80C0 /* UIView+Extension.swift */,
			);
			path = Extensions;
			sourceTree = "<group>";
		};
/* End PBXGroup section */

/* Begin PBXNativeTarget section */
		C4DF5E6F2789A4FC003C80C0 /* FoodOrderingApp */ = {
			isa = PBXNativeTarget;
			buildConfigurationList = C4DF5E842789A4FE003C80C0 /* Build configuration list for PBXNativeTarget "FoodOrderingApp" */;
			buildPhases = (
				C4DF5E6C2789A4FC003C80C0 /* Sources */,
				C4DF5E6D2789A4FC003C80C0 /* Frameworks */,
				C4DF5E6E2789A4FC003C80C0 /* Resources */,
			);
			buildRules = (
			);
			dependencies = (
			);
			name = FoodOrderingApp;
			productName = FoodOrderingApp;
			productReference = C4DF5E702789A4FC003C80C0 /* FoodOrderingApp.app */;
			productType = "com.apple.product-type.application";
		};
/* End PBXNativeTarget section */

/* Begin PBXProject section */
		C4DF5E682789A4FC003C80C0 /* Project object */ = {
			isa = PBXProject;
			attributes = {
				BuildIndependentTargetsInParallel = 1;
				LastSwiftUpdateCheck = 1310;
				LastUpgradeCheck = 1310;
				TargetAttributes = {
					C4DF5E6F2789A4FC003C80C0 = {
						CreatedOnToolsVersion = 13.1;
					};
				};
			};
			buildConfigurationList = C4DF5E6B2789A4FC003C80C0 /* Build configuration list for PBXProject "FoodOrderingApp" */;
			compatibilityVersion = "Xcode 13.0";
			developmentRegion = en;
			hasScannedForEncodings = 0;
			knownRegions = (
				en,
				Base,
			);
			mainGroup = C4DF5E672789A4FC003C80C0;
			productRefGroup = C4DF5E712789A4FC003C80C0 /* Products */;
			projectDirPath = "";
			projectRoot = "";
			targets = (
				C4DF5E6F2789A4FC003C80C0 /* FoodOrderingApp */,
			);
		};
/* End PBXProject section */

/* Begin PBXResourcesBuildPhase section */
		C4DF5E6E2789A4FC003C80C0 /* Resources */ = {
			isa = PBXResourcesBuildPhase;
			buildActionMask = 2147483647;
			files = (
				C4DF5E802789A4FE003C80C0 /* LaunchScreen.storyboard in Resources */,
				C4DF5E7D2789A4FE003C80C0 /* Assets.xcassets in Resources */,
				C4DF5E7B2789A4FC003C80C0 /* Main.storyboard in Resources */,
			);
			runOnlyForDeploymentPostprocessing = 0;
		};
/* End PBXResourcesBuildPhase section */

/* Begin PBXSourcesBuildPhase section */
		C4DF5E6C2789A4FC003C80C0 /* Sources */ = {
			isa = PBXSourcesBuildPhase;
			buildActionMask = 2147483647;
			files = (
				C4DF5E912789B098003C80C0 /* OnboardingSlide.swift in Sources */,
				C4DF5E742789A4FC003C80C0 /* AppDelegate.swift in Sources */,
				C4DF5E762789A4FC003C80C0 /* SceneDelegate.swift in Sources */,
				C4DF5E8F2789AE91003C80C0 /* UIView+Extension.swift in Sources */,
				C4DF5E8C2789A939003C80C0 /* OnboardingViewController.swift in Sources */,
				C4DF5E952789B51D003C80C0 /* OnboardingCollectionViewCell.swift in Sources */,
			);
			runOnlyForDeploymentPostprocessing = 0;
		};
/* End PBXSourcesBuildPhase section */

/* Begin PBXVariantGroup section */
		C4DF5E792789A4FC003C80C0 /* Main.storyboard */ = {
			isa = PBXVariantGroup;
			children = (
				C4DF5E7A2789A4FC003C80C0 /* Base */,
			);
			name = Main.storyboard;
			sourceTree = "<group>";
		};
		C4DF5E7E2789A4FE003C80C0 /* LaunchScreen.storyboard */ = {
			isa = PBXVariantGroup;
			children = (
				C4DF5E7F2789A4FE003C80C0 /* Base */,
			);
			name = LaunchScreen.storyboard;
			sourceTree = "<group>";
		};
/* End PBXVariantGroup section */

/* Begin XCBuildConfiguration section */
		C4DF5E822789A4FE003C80C0 /* Debug */ = {
			isa = XCBuildConfiguration;
			buildSettings = {
				ALWAYS_SEARCH_USER_PATHS = NO;
				CLANG_ANALYZER_NONNULL = YES;
				CLANG_ANALYZER_NUMBER_OBJECT_CONVERSION = YES_AGGRESSIVE;
				CLANG_CXX_LANGUAGE_STANDARD = "gnu++17";
				CLANG_CXX_LIBRARY = "libc++";
				CLANG_ENABLE_MODULES = YES;
				CLANG_ENABLE_OBJC_ARC = YES;
				CLANG_ENABLE_OBJC_WEAK = YES;
				CLANG_WARN_BLOCK_CAPTURE_AUTORELEASING = YES;
				CLANG_WARN_BOOL_CONVERSION = YES;
				CLANG_WARN_COMMA = YES;
				CLANG_WARN_CONSTANT_CONVERSION = YES;
				CLANG_WARN_DEPRECATED_OBJC_IMPLEMENTATIONS = YES;
				CLANG_WARN_DIRECT_OBJC_ISA_USAGE = YES_ERROR;
				CLANG_WARN_DOCUMENTATION_COMMENTS = YES;
				CLANG_WARN_EMPTY_BODY = YES;
				CLANG_WARN_ENUM_CONVERSION = YES;
				CLANG_WARN_INFINITE_RECURSION = YES;
				CLANG_WARN_INT_CONVERSION = YES;
				CLANG_WARN_NON_LITERAL_NULL_CONVERSION = YES;
				CLANG_WARN_OBJC_IMPLICIT_RETAIN_SELF = YES;
				CLANG_WARN_OBJC_LITERAL_CONVERSION = YES;
				CLANG_WARN_OBJC_ROOT_CLASS = YES_ERROR;
				CLANG_WARN_QUOTED_INCLUDE_IN_FRAMEWORK_HEADER = YES;
				CLANG_WARN_RANGE_LOOP_ANALYSIS = YES;
				CLANG_WARN_STRICT_PROTOTYPES = YES;
				CLANG_WARN_SUSPICIOUS_MOVE = YES;
				CLANG_WARN_UNGUARDED_AVAILABILITY = YES_AGGRESSIVE;
				CLANG_WARN_UNREACHABLE_CODE = YES;
				CLANG_WARN__DUPLICATE_METHOD_MATCH = YES;
				COPY_PHASE_STRIP = NO;
				DEBUG_INFORMATION_FORMAT = dwarf;
				ENABLE_STRICT_OBJC_MSGSEND = YES;
				ENABLE_TESTABILITY = YES;
				GCC_C_LANGUAGE_STANDARD = gnu11;
				GCC_DYNAMIC_NO_PIC = NO;
				GCC_NO_COMMON_BLOCKS = YES;
				GCC_OPTIMIZATION_LEVEL = 0;
				GCC_PREPROCESSOR_DEFINITIONS = (
					"DEBUG=1",
					"$(inherited)",
				);
				GCC_WARN_64_TO_32_BIT_CONVERSION = YES;
				GCC_WARN_ABOUT_RETURN_TYPE = YES_ERROR;
				GCC_WARN_UNDECLARED_SELECTOR = YES;
				GCC_WARN_UNINITIALIZED_AUTOS = YES_AGGRESSIVE;
				GCC_WARN_UNUSED_FUNCTION = YES;
				GCC_WARN_UNUSED_VARIABLE = YES;
				IPHONEOS_DEPLOYMENT_TARGET = 15.0;
				MTL_ENABLE_DEBUG_INFO = INCLUDE_SOURCE;
				MTL_FAST_MATH = YES;
				ONLY_ACTIVE_ARCH = YES;
				SDKROOT = iphoneos;
				SWIFT_ACTIVE_COMPILATION_CONDITIONS = DEBUG;
				SWIFT_OPTIMIZATION_LEVEL = "-Onone";
			};
			name = Debug;
		};
		C4DF5E832789A4FE003C80C0 /* Release */ = {
			isa = XCBuildConfiguration;
			buildSettings = {
				ALWAYS_SEARCH_USER_PATHS = NO;
				CLANG_ANALYZER_NONNULL = YES;
				CLANG_ANALYZER_NUMBER_OBJECT_CONVERSION = YES_AGGRESSIVE;
				CLANG_CXX_LANGUAGE_STANDARD = "gnu++17";
				CLANG_CXX_LIBRARY = "libc++";
				CLANG_ENABLE_MODULES = YES;
				CLANG_ENABLE_OBJC_ARC = YES;
				CLANG_ENABLE_OBJC_WEAK = YES;
				CLANG_WARN_BLOCK_CAPTURE_AUTORELEASING = YES;
				CLANG_WARN_BOOL_CONVERSION = YES;
				CLANG_WARN_COMMA = YES;
				CLANG_WARN_CONSTANT_CONVERSION = YES;
				CLANG_WARN_DEPRECATED_OBJC_IMPLEMENTATIONS = YES;
				CLANG_WARN_DIRECT_OBJC_ISA_USAGE = YES_ERROR;
				CLANG_WARN_DOCUMENTATION_COMMENTS = YES;
				CLANG_WARN_EMPTY_BODY = YES;
				CLANG_WARN_ENUM_CONVERSION = YES;
				CLANG_WARN_INFINITE_RECURSION = YES;
				CLANG_WARN_INT_CONVERSION = YES;
				CLANG_WARN_NON_LITERAL_NULL_CONVERSION = YES;
				CLANG_WARN_OBJC_IMPLICIT_RETAIN_SELF = YES;
				CLANG_WARN_OBJC_LITERAL_CONVERSION = YES;
				CLANG_WARN_OBJC_ROOT_CLASS = YES_ERROR;
				CLANG_WARN_QUOTED_INCLUDE_IN_FRAMEWORK_HEADER = YES;
				CLANG_WARN_RANGE_LOOP_ANALYSIS = YES;
				CLANG_WARN_STRICT_PROTOTYPES = YES;
				CLANG_WARN_SUSPICIOUS_MOVE = YES;
				CLANG_WARN_UNGUARDED_AVAILABILITY = YES_AGGRESSIVE;
				CLANG_WARN_UNREACHABLE_CODE = YES;
				CLANG_WARN__DUPLICATE_METHOD_MATCH = YES;
				COPY_PHASE_STRIP = NO;
				DEBUG_INFORMATION_FORMAT = "dwarf-with-dsym";
				ENABLE_NS_ASSERTIONS = NO;
				ENABLE_STRICT_OBJC_MSGSEND = YES;
				GCC_C_LANGUAGE_STANDARD = gnu11;
				GCC_NO_COMMON_BLOCKS = YES;
				GCC_WARN_64_TO_32_BIT_CONVERSION = YES;
				GCC_WARN_ABOUT_RETURN_TYPE = YES_ERROR;
				GCC_WARN_UNDECLARED_SELECTOR = YES;
				GCC_WARN_UNINITIALIZED_AUTOS = YES_AGGRESSIVE;
				GCC_WARN_UNUSED_FUNCTION = YES;
				GCC_WARN_UNUSED_VARIABLE = YES;
				IPHONEOS_DEPLOYMENT_TARGET = 15.0;
				MTL_ENABLE_DEBUG_INFO = NO;
				MTL_FAST_MATH = YES;
				SDKROOT = iphoneos;
				SWIFT_COMPILATION_MODE = wholemodule;
				SWIFT_OPTIMIZATION_LEVEL = "-O";
				VALIDATE_PRODUCT = YES;
			};
			name = Release;
		};
		C4DF5E852789A4FE003C80C0 /* Debug */ = {
			isa = XCBuildConfiguration;
			buildSettings = {
				ASSETCATALOG_COMPILER_APPICON_NAME = AppIcon;
				ASSETCATALOG_COMPILER_GLOBAL_ACCENT_COLOR_NAME = AccentColor;
				CODE_SIGN_STYLE = Automatic;
				CURRENT_PROJECT_VERSION = 1;
				DEVELOPMENT_TEAM = 8Z8DH5LT2N;
				GENERATE_INFOPLIST_FILE = YES;
				INFOPLIST_FILE = FoodOrderingApp/Info.plist;
				INFOPLIST_KEY_UIApplicationSupportsIndirectInputEvents = YES;
				INFOPLIST_KEY_UILaunchStoryboardName = LaunchScreen;
				INFOPLIST_KEY_UIMainStoryboardFile = Main;
				INFOPLIST_KEY_UISupportedInterfaceOrientations_iPad = "UIInterfaceOrientationPortrait UIInterfaceOrientationPortraitUpsideDown UIInterfaceOrientationLandscapeLeft UIInterfaceOrientationLandscapeRight";
				INFOPLIST_KEY_UISupportedInterfaceOrientations_iPhone = "UIInterfaceOrientationPortrait UIInterfaceOrientationLandscapeLeft UIInterfaceOrientationLandscapeRight";
				LD_RUNPATH_SEARCH_PATHS = (
					"$(inherited)",
					"@executable_path/Frameworks",
				);
				MARKETING_VERSION = 1.0;
				PRODUCT_BUNDLE_IDENTIFIER = samchenko.FoodOrderingApp;
				PRODUCT_NAME = "$(TARGET_NAME)";
				SWIFT_EMIT_LOC_STRINGS = YES;
				SWIFT_VERSION = 5.0;
				TARGETED_DEVICE_FAMILY = "1,2";
			};
			name = Debug;
		};
		C4DF5E862789A4FE003C80C0 /* Release */ = {
			isa = XCBuildConfiguration;
			buildSettings = {
				ASSETCATALOG_COMPILER_APPICON_NAME = AppIcon;
				ASSETCATALOG_COMPILER_GLOBAL_ACCENT_COLOR_NAME = AccentColor;
				CODE_SIGN_STYLE = Automatic;
				CURRENT_PROJECT_VERSION = 1;
				DEVELOPMENT_TEAM = 8Z8DH5LT2N;
				GENERATE_INFOPLIST_FILE = YES;
				INFOPLIST_FILE = FoodOrderingApp/Info.plist;
				INFOPLIST_KEY_UIApplicationSupportsIndirectInputEvents = YES;
				INFOPLIST_KEY_UILaunchStoryboardName = LaunchScreen;
				INFOPLIST_KEY_UIMainStoryboardFile = Main;
				INFOPLIST_KEY_UISupportedInterfaceOrientations_iPad = "UIInterfaceOrientationPortrait UIInterfaceOrientationPortraitUpsideDown UIInterfaceOrientationLandscapeLeft UIInterfaceOrientationLandscapeRight";
				INFOPLIST_KEY_UISupportedInterfaceOrientations_iPhone = "UIInterfaceOrientationPortrait UIInterfaceOrientationLandscapeLeft UIInterfaceOrientationLandscapeRight";
				LD_RUNPATH_SEARCH_PATHS = (
					"$(inherited)",
					"@executable_path/Frameworks",
				);
				MARKETING_VERSION = 1.0;
				PRODUCT_BUNDLE_IDENTIFIER = samchenko.FoodOrderingApp;
				PRODUCT_NAME = "$(TARGET_NAME)";
				SWIFT_EMIT_LOC_STRINGS = YES;
				SWIFT_VERSION = 5.0;
				TARGETED_DEVICE_FAMILY = "1,2";
			};
			name = Release;
		};
/* End XCBuildConfiguration section */

/* Begin XCConfigurationList section */
		C4DF5E6B2789A4FC003C80C0 /* Build configuration list for PBXProject "FoodOrderingApp" */ = {
			isa = XCConfigurationList;
			buildConfigurations = (
				C4DF5E822789A4FE003C80C0 /* Debug */,
				C4DF5E832789A4FE003C80C0 /* Release */,
			);
			defaultConfigurationIsVisible = 0;
			defaultConfigurationName = Release;
		};
		C4DF5E842789A4FE003C80C0 /* Build configuration list for PBXNativeTarget "FoodOrderingApp" */ = {
			isa = XCConfigurationList;
			buildConfigurations = (
				C4DF5E852789A4FE003C80C0 /* Debug */,
				C4DF5E862789A4FE003C80C0 /* Release */,
			);
			defaultConfigurationIsVisible = 0;
			defaultConfigurationName = Release;
		};
/* End XCConfigurationList section */
	};
	rootObject = C4DF5E682789A4FC003C80C0 /* Project object */;
}
